
Microsoft Visual Studio Solution File, Format Version 12.00
# Visual Studio Version 16
VisualStudioVersion = 16.0.32126.315
MinimumVisualStudioVersion = 10.0.40219.1
Project("{FAE04EC0-301F-11D3-BF4B-00C04F79EFBC}") = "laba1", "laba1\laba1.csproj", "{EE03428F-242E-4625-9745-C238C76B5733}"
EndProject
Global
	GlobalSection(SolutionConfigurationPlatforms) = preSolution
		Debug|Any CPU = Debug|Any CPU
		Release|Any CPU = Release|Any CPU
	EndGlobalSection
	GlobalSection(ProjectConfigurationPlatforms) = postSolution
		{EE03428F-242E-4625-9745-C238C76B5733}.Debug|Any CPU.ActiveCfg = Debug|Any CPU
		{EE03428F-242E-4625-9745-C238C76B5733}.Debug|Any CPU.Build.0 = Debug|Any CPU
		{EE03428F-242E-4625-9745-C238C76B5733}.Release|Any CPU.ActiveCfg = Release|Any CPU
		{EE03428F-242E-4625-9745-C238C76B5733}.Release|Any CPU.Build.0 = Release|Any CPU
	EndGlobalSection
	GlobalSection(SolutionProperties) = preSolution
		HideSolutionNode = FALSE
	EndGlobalSection
	GlobalSection(ExtensibilityGlobals) = postSolution
		SolutionGuid = {B7C55E08-03E6-4929-ADA0-6C4A249195BD}
	EndGlobalSection
EndGlobal
